<?xml version="1.0" encoding="utf-8"?>
<Project ToolsVersion="4.0" xmlns="http://schemas.microsoft.com/developer/msbuild/2003">
  <ItemGroup>
    <ClCompile Include="GridMap.cpp">
      <Filter>Sources</Filter>
    </ClCompile>
    <ClCompile Include="main.cpp">
      <Filter>Sources</Filter>
    </ClCompile>
    <ClCompile Include="MainWin.cpp">
      <Filter>Sources</Filter>
    </ClCompile>
    <ClCompile Include="GeneratedFiles\Debug\moc_Cell.cpp">
      <Filter>Generated Files\Debug</Filter>
    </ClCompile>
    <ClCompile Include="GeneratedFiles\qrc_MainWin.cpp">
      <Filter>Generated Files</Filter>
    </ClCompile>
    <ClCompile Include="GeneratedFiles\Debug\moc_GridMap.cpp">
      <Filter>Generated Files\Debug</Filter>
    </ClCompile>
    <ClCompile Include="GeneratedFiles\Debug\moc_MainWin.cpp">
      <Filter>Generated Files\Debug</Filter>
    </ClCompile>
    <ClCompile Include="GeneratedFiles\Debug\moc_GridMap.cpp">
      <Filter>Generated Files\Debug</Filter>
    </ClCompile>
    <ClCompile Include="GeneratedFiles\Debug\moc_MainWin.cpp">
      <Filter>Generated Files\Debug</Filter>
    </ClCompile>
    <ClCompile Include="GeneratedFiles\Release\moc_Cell.cpp">
      <Filter>Generated Files\Release</Filter>
    </ClCompile>
    <ClCompile Include="GeneratedFiles\Release\moc_GridMap.cpp">
      <Filter>Generated Files\Release</Filter>
    </ClCompile>
    <ClCompile Include="GeneratedFiles\Release\moc_MainWin.cpp">
      <Filter>Generated Files\Release</Filter>
    </ClCompile>
  </ItemGroup>
  <ItemGroup>
    <ClInclude Include="Deck.h">
      <Filter>Headers</Filter>
    </ClInclude>
    <ClInclude Include="GameLogic.h">
      <Filter>Headers</Filter>
    </ClInclude>
    <ClInclude Include="GameScene.h">
      <Filter>Headers</Filter>
    </ClInclude>
    <ClInclude Include="PlayItems.h">
      <Filter>Headers</Filter>
    </ClInclude>
    <ClInclude Include="Player.h">
      <Filter>Headers</Filter>
    </ClInclude>
    <ClInclude Include="RoundedRect.h">
      <Filter>Headers</Filter>
    </ClInclude>
  </ItemGroup>
  <ItemGroup>
    <CustomBuild Include="GridMap.h">
      <Filter>Headers</Filter>
    </CustomBuild>
    <CustomBuild Include="MainWin.h">
      <Filter>Headers</Filter>
    </CustomBuild>
    <CustomBuild Include="MainWin.qrc">
      <Filter>_rcc</Filter>
    </CustomBuild>
    <CustomBuild Include="Cell.h">
      <Filter>Headers</Filter>
    </CustomBuild>
  </ItemGroup>
  <ItemGroup>
    <Filter Include="Headers">
      <UniqueIdentifier>{e8248137-d15a-43cf-9983-40bbca69b8a5}</UniqueIdentifier>
    </Filter>
    <Filter Include="Sources">
      <UniqueIdentifier>{99f883a2-cbb5-455b-810b-acb9e3e1f198}</UniqueIdentifier>
    </Filter>
    <Filter Include="_rcc">
      <UniqueIdentifier>{3122feaf-4aa9-4d32-8fc2-584f49684ea5}</UniqueIdentifier>
    </Filter>
    <Filter Include="Generated Files">
      <UniqueIdentifier>{71ED8ED8-ACB9-4CE9-BBE1-E00B30144E11}</UniqueIdentifier>
      <Extensions>moc;h;cpp</Extensions>
      <ParseFiles>true</ParseFiles>
    </Filter>
    <Filter Include="Generated Files\Debug">
      <UniqueIdentifier>{53b9ced6-81d6-4920-abfe-c9d2d372bbd7}</UniqueIdentifier>
      <Extensions>cpp;moc</Extensions>
      <SourceControlFiles>False</SourceControlFiles>
    </Filter>
    <Filter Include="Generated Files\Release">
      <UniqueIdentifier>{816f0a5d-a3de-4c61-9d95-532c0b9cad1f}</UniqueIdentifier>
    </Filter>
  </ItemGroup>
  <ItemGroup>
    <None Include="Resources\common_stylesheet.qss">
      <Filter>_rcc</Filter>
    </None>
  </ItemGroup>
</Project>